
Microsoft Visual Studio Solution File, Format Version 12.00
# Visual Studio 2012
Project("{FAE04EC0-301F-11D3-BF4B-00C04F79EFBC}") = "WindowsClient", "WindowsClient\WindowsClient.csproj", "{4C6D3A61-FC0F-4D14-8860-76A7F6141654}"
EndProject
Project("{FAE04EC0-301F-11D3-BF4B-00C04F79EFBC}") = "ConsoleClient", "ConsoleClient\ConsoleClient.csproj", "{2A184F71-DF73-42C6-874C-CEB7AD0C9074}"
EndProject
Global
	GlobalSection(SolutionConfigurationPlatforms) = preSolution
		Debug|Any CPU = Debug|Any CPU
		Release|Any CPU = Release|Any CPU
	EndGlobalSection
	GlobalSection(ProjectConfigurationPlatforms) = postSolution
		{4C6D3A61-FC0F-4D14-8860-76A7F6141654}.Debug|Any CPU.ActiveCfg = Debug|Any CPU
		{4C6D3A61-FC0F-4D14-8860-76A7F6141654}.Debug|Any CPU.Build.0 = Debug|Any CPU
		{4C6D3A61-FC0F-4D14-8860-76A7F6141654}.Release|Any CPU.ActiveCfg = Release|Any CPU
		{4C6D3A61-FC0F-4D14-8860-76A7F6141654}.Release|Any CPU.Build.0 = Release|Any CPU
		{2A184F71-DF73-42C6-874C-CEB7AD0C9074}.Debug|Any CPU.ActiveCfg = Debug|Any CPU
		{2A184F71-DF73-42C6-874C-CEB7AD0C9074}.Debug|Any CPU.Build.0 = Debug|Any CPU
		{2A184F71-DF73-42C6-874C-CEB7AD0C9074}.Release|Any CPU.ActiveCfg = Release|Any CPU
		{2A184F71-DF73-42C6-874C-CEB7AD0C9074}.Release|Any CPU.Build.0 = Release|Any CPU
	EndGlobalSection
	GlobalSection(SolutionProperties) = preSolution
		HideSolutionNode = FALSE
	EndGlobalSection
EndGlobal
